
Microsoft Visual Studio Solution File, Format Version 12.00
# Visual Studio 15
VisualStudioVersion = 15.0.28307.852
MinimumVisualStudioVersion = 10.0.40219.1
Project("{FAE04EC0-301F-11D3-BF4B-00C04F79EFBC}") = "Ngrokchatbot", "Ngrokchatbot\Ngrokchatbot.csproj", "{623BBA2B-88A9-416C-9BE1-F55615D7255A}"
EndProject
Global
	GlobalSection(SolutionConfigurationPlatforms) = preSolution
		Debug|Any CPU = Debug|Any CPU
		Release|Any CPU = Release|Any CPU
	EndGlobalSection
	GlobalSection(ProjectConfigurationPlatforms) = postSolution
		{623BBA2B-88A9-416C-9BE1-F55615D7255A}.Debug|Any CPU.ActiveCfg = Debug|Any CPU
		{623BBA2B-88A9-416C-9BE1-F55615D7255A}.Debug|Any CPU.Build.0 = Debug|Any CPU
		{623BBA2B-88A9-416C-9BE1-F55615D7255A}.Release|Any CPU.ActiveCfg = Release|Any CPU
		{623BBA2B-88A9-416C-9BE1-F55615D7255A}.Release|Any CPU.Build.0 = Release|Any CPU
	EndGlobalSection
	GlobalSection(SolutionProperties) = preSolution
		HideSolutionNode = FALSE
	EndGlobalSection
	GlobalSection(ExtensibilityGlobals) = postSolution
		SolutionGuid = {EC2B07C5-24A3-43B1-AF80-865044A17A30}
	EndGlobalSection
EndGlobal
